// !$*UTF8*$!
{
	archiveVersion = 1;
	classes = {
	};
	objectVersion = 56;
	objects = {

/* Begin PBXBuildFile section */
		A10000000000000000000010 /* ZoomdleApp.swift in Sources */ = {isa = PBXBuildFile; fileRef = A1000000000000000000000C /* ZoomdleApp.swift */; };
		A10000000000000000000011 /* MainTabView.swift in Sources */ = {isa = PBXBuildFile; fileRef = A1000000000000000000000D /* MainTabView.swift */; };
		A10000000000000000000012 /* TodayView.swift in Sources */ = {isa = PBXBuildFile; fileRef = A1000000000000000000000E /* TodayView.swift */; };
		A10000000000000000000013 /* ArchiveView.swift in Sources */ = {isa = PBXBuildFile; fileRef = A1000000000000000000000F /* ArchiveView.swift */; };
		A10000000000000000000014 /* Assets.xcassets in Resources */ = {isa = PBXBuildFile; fileRef = A1000000000000000000000B /* Assets.xcassets */; };
		A10000000000000000000021 /* Puzzle.swift in Sources */ = {isa = PBXBuildFile; fileRef = A10000000000000000000020 /* Puzzle.swift */; };
		A10000000000000000000023 /* PuzzleService.swift in Sources */ = {isa = PBXBuildFile; fileRef = A10000000000000000000022 /* PuzzleService.swift */; };
		A10000000000000000000025 /* puzzles.json in Resources */ = {isa = PBXBuildFile; fileRef = A10000000000000000000024 /* puzzles.json */; };
		A10000000000000000000031 /* ZoomRevealView.swift in Sources */ = {isa = PBXBuildFile; fileRef = A10000000000000000000030 /* ZoomRevealView.swift */; };
		A10000000000000000000041 /* PuzzleProgress.swift in Sources */ = {isa = PBXBuildFile; fileRef = A10000000000000000000040 /* PuzzleProgress.swift */; };
		A10000000000000000000043 /* PuzzleProgressStore.swift in Sources */ = {isa = PBXBuildFile; fileRef = A10000000000000000000042 /* PuzzleProgressStore.swift */; };
		A10000000000000000000045 /* WordListService.swift in Sources */ = {isa = PBXBuildFile; fileRef = A10000000000000000000044 /* WordListService.swift */; };
		A10000000000000000000047 /* TodayViewModel.swift in Sources */ = {isa = PBXBuildFile; fileRef = A10000000000000000000046 /* TodayViewModel.swift */; };
		A10000000000000000000049 /* GuessInputView.swift in Sources */ = {isa = PBXBuildFile; fileRef = A10000000000000000000048 /* GuessInputView.swift */; };
		A10000000000000000000051 /* ResultsView.swift in Sources */ = {isa = PBXBuildFile; fileRef = A10000000000000000000050 /* ResultsView.swift */; };
		A10000000000000000000053 /* words.json in Resources */ = {isa = PBXBuildFile; fileRef = A10000000000000000000052 /* words.json */; };
		A10000000000000000000055 /* ShareResult.swift in Sources */ = {isa = PBXBuildFile; fileRef = A10000000000000000000054 /* ShareResult.swift */; };
		A10000000000000000000057 /* StreakStore.swift in Sources */ = {isa = PBXBuildFile; fileRef = A10000000000000000000056 /* StreakStore.swift */; };
		A10000000000000000000059 /* PuzzlePlayView.swift in Sources */ = {isa = PBXBuildFile; fileRef = A10000000000000000000058 /* PuzzlePlayView.swift */; };
		A10000000000000000000061 /* PaywallView.swift in Sources */ = {isa = PBXBuildFile; fileRef = A10000000000000000000060 /* PaywallView.swift */; };
		A10000000000000000000063 /* SubscriptionStore.swift in Sources */ = {isa = PBXBuildFile; fileRef = A10000000000000000000062 /* SubscriptionStore.swift */; };
		A10000000000000000000065 /* ArchiveViewModel.swift in Sources */ = {isa = PBXBuildFile; fileRef = A10000000000000000000064 /* ArchiveViewModel.swift */; };
		A10000000000000000000071 /* AppStateViews.swift in Sources */ = {isa = PBXBuildFile; fileRef = A10000000000000000000070 /* AppStateViews.swift */; };
		A10000000000000000000081 /* GameStats.swift in Sources */ = {isa = PBXBuildFile; fileRef = A10000000000000000000080 /* GameStats.swift */; };
		A10000000000000000000083 /* GameStatsStore.swift in Sources */ = {isa = PBXBuildFile; fileRef = A10000000000000000000082 /* GameStatsStore.swift */; };
		A10000000000000000000085 /* SettingsView.swift in Sources */ = {isa = PBXBuildFile; fileRef = A10000000000000000000084 /* SettingsView.swift */; };
		A10000000000000000000087 /* SettingsViewModel.swift in Sources */ = {isa = PBXBuildFile; fileRef = A10000000000000000000086 /* SettingsViewModel.swift */; };
		A10000000000000000000093 /* LegalLinks.swift in Sources */ = {isa = PBXBuildFile; fileRef = A10000000000000000000092 /* LegalLinks.swift */; };
		A10000000000000000000091 /* PrivacyInfo.xcprivacy in Resources */ = {isa = PBXBuildFile; fileRef = A10000000000000000000090 /* PrivacyInfo.xcprivacy */; };
		A10000000000000000000103 /* PuzzleAndShareTests.swift in Sources */ = {isa = PBXBuildFile; fileRef = A10000000000000000000102 /* PuzzleAndShareTests.swift */; };
/* End PBXBuildFile section */

/* Begin PBXFileReference section */
		A10000000000000000000110 /* Zoomdle.storekit */ = {isa = PBXFileReference; lastKnownFileType = text.json; path = Zoomdle.storekit; sourceTree = "<group>"; };
		A10000000000000000000100 /* ZoomdleTests.xctest */ = {isa = PBXFileReference; explicitFileType = wrapper.cfbundle; includeInIndex = 0; path = ZoomdleTests.xctest; sourceTree = BUILT_PRODUCTS_DIR; };
		A1000000000000000000000B /* Assets.xcassets */ = {isa = PBXFileReference; lastKnownFileType = folder.assetcatalog; path = Assets.xcassets; sourceTree = "<group>"; };
		A1000000000000000000000C /* ZoomdleApp.swift */ = {isa = PBXFileReference; lastKnownFileType = sourcecode.swift; path = ZoomdleApp.swift; sourceTree = "<group>"; };
		A1000000000000000000000D /* MainTabView.swift */ = {isa = PBXFileReference; lastKnownFileType = sourcecode.swift; path = MainTabView.swift; sourceTree = "<group>"; };
		A1000000000000000000000E /* TodayView.swift */ = {isa = PBXFileReference; lastKnownFileType = sourcecode.swift; path = TodayView.swift; sourceTree = "<group>"; };
		A1000000000000000000000F /* ArchiveView.swift */ = {isa = PBXFileReference; lastKnownFileType = sourcecode.swift; path = ArchiveView.swift; sourceTree = "<group>"; };
		A10000000000000000000020 /* Puzzle.swift */ = {isa = PBXFileReference; lastKnownFileType = sourcecode.swift; path = Puzzle.swift; sourceTree = "<group>"; };
		A10000000000000000000022 /* PuzzleService.swift */ = {isa = PBXFileReference; lastKnownFileType = sourcecode.swift; path = PuzzleService.swift; sourceTree = "<group>"; };
		A10000000000000000000024 /* puzzles.json */ = {isa = PBXFileReference; lastKnownFileType = text.json; path = puzzles.json; sourceTree = "<group>"; };
		A10000000000000000000030 /* ZoomRevealView.swift */ = {isa = PBXFileReference; lastKnownFileType = sourcecode.swift; path = ZoomRevealView.swift; sourceTree = "<group>"; };
		A10000000000000000000040 /* PuzzleProgress.swift */ = {isa = PBXFileReference; lastKnownFileType = sourcecode.swift; path = PuzzleProgress.swift; sourceTree = "<group>"; };
		A10000000000000000000042 /* PuzzleProgressStore.swift */ = {isa = PBXFileReference; lastKnownFileType = sourcecode.swift; path = PuzzleProgressStore.swift; sourceTree = "<group>"; };
		A10000000000000000000044 /* WordListService.swift */ = {isa = PBXFileReference; lastKnownFileType = sourcecode.swift; path = WordListService.swift; sourceTree = "<group>"; };
		A10000000000000000000046 /* TodayViewModel.swift */ = {isa = PBXFileReference; lastKnownFileType = sourcecode.swift; path = TodayViewModel.swift; sourceTree = "<group>"; };
		A10000000000000000000048 /* GuessInputView.swift */ = {isa = PBXFileReference; lastKnownFileType = sourcecode.swift; path = GuessInputView.swift; sourceTree = "<group>"; };
		A10000000000000000000050 /* ResultsView.swift */ = {isa = PBXFileReference; lastKnownFileType = sourcecode.swift; path = ResultsView.swift; sourceTree = "<group>"; };
		A10000000000000000000052 /* words.json */ = {isa = PBXFileReference; lastKnownFileType = text.json; path = words.json; sourceTree = "<group>"; };
		A10000000000000000000054 /* ShareResult.swift */ = {isa = PBXFileReference; lastKnownFileType = sourcecode.swift; path = ShareResult.swift; sourceTree = "<group>"; };
		A10000000000000000000056 /* StreakStore.swift */ = {isa = PBXFileReference; lastKnownFileType = sourcecode.swift; path = StreakStore.swift; sourceTree = "<group>"; };
		A10000000000000000000058 /* PuzzlePlayView.swift */ = {isa = PBXFileReference; lastKnownFileType = sourcecode.swift; path = PuzzlePlayView.swift; sourceTree = "<group>"; };
		A10000000000000000000060 /* PaywallView.swift */ = {isa = PBXFileReference; lastKnownFileType = sourcecode.swift; path = PaywallView.swift; sourceTree = "<group>"; };
		A10000000000000000000062 /* SubscriptionStore.swift */ = {isa = PBXFileReference; lastKnownFileType = sourcecode.swift; path = SubscriptionStore.swift; sourceTree = "<group>"; };
		A10000000000000000000064 /* ArchiveViewModel.swift */ = {isa = PBXFileReference; lastKnownFileType = sourcecode.swift; path = ArchiveViewModel.swift; sourceTree = "<group>"; };
		A10000000000000000000066 /* Info.plist */ = {isa = PBXFileReference; lastKnownFileType = text.plist.xml; path = Info.plist; sourceTree = "<group>"; };
		A10000000000000000000070 /* AppStateViews.swift */ = {isa = PBXFileReference; lastKnownFileType = sourcecode.swift; path = AppStateViews.swift; sourceTree = "<group>"; };
		A10000000000000000000080 /* GameStats.swift */ = {isa = PBXFileReference; lastKnownFileType = sourcecode.swift; path = GameStats.swift; sourceTree = "<group>"; };
		A10000000000000000000082 /* GameStatsStore.swift */ = {isa = PBXFileReference; lastKnownFileType = sourcecode.swift; path = GameStatsStore.swift; sourceTree = "<group>"; };
		A10000000000000000000084 /* SettingsView.swift */ = {isa = PBXFileReference; lastKnownFileType = sourcecode.swift; path = SettingsView.swift; sourceTree = "<group>"; };
		A10000000000000000000086 /* SettingsViewModel.swift */ = {isa = PBXFileReference; lastKnownFileType = sourcecode.swift; path = SettingsViewModel.swift; sourceTree = "<group>"; };
		A10000000000000000000092 /* LegalLinks.swift */ = {isa = PBXFileReference; lastKnownFileType = sourcecode.swift; path = LegalLinks.swift; sourceTree = "<group>"; };
		A10000000000000000000090 /* PrivacyInfo.xcprivacy */ = {isa = PBXFileReference; lastKnownFileType = text.xml; path = PrivacyInfo.xcprivacy; sourceTree = "<group>"; };
		A10000000000000000000102 /* PuzzleAndShareTests.swift */ = {isa = PBXFileReference; lastKnownFileType = sourcecode.swift; path = PuzzleAndShareTests.swift; sourceTree = "<group>"; };
/* End PBXFileReference section */

/* Begin PBXFrameworksBuildPhase section */
		A10000000000000000000017 /* Frameworks */ = {
			isa = PBXFrameworksBuildPhase;
			buildActionMask = 2147483647;
			files = (
			);
			runOnlyForDeploymentPostprocessing = 0;
		};
		A10000000000000000000106 /* Frameworks */ = {
			isa = PBXFrameworksBuildPhase;
			buildActionMask = 2147483647;
			files = (
			);
			runOnlyForDeploymentPostprocessing = 0;
		};
/* End PBXFrameworksBuildPhase section */

/* Begin PBXGroup section */
		A10000000000000000000004 = {
			isa = PBXGroup;
			children = (
				A10000000000000000000006 /* Zoomdle */,
				A10000000000000000000101 /* ZoomdleTests */,
				A10000000000000000000110 /* Zoomdle.storekit */,
				A10000000000000000000005 /* Products */,
			);
			sourceTree = "<group>";
		};
		A10000000000000000000005 /* Products */ = {
			isa = PBXGroup;
			children = (
				A10000000000000000000003 /* Zoomdle.app */,
				A10000000000000000000100 /* ZoomdleTests.xctest */,
			);
			name = Products;
			sourceTree = "<group>";
		};
		A10000000000000000000006 /* Zoomdle */ = {
			isa = PBXGroup;
			children = (
				A1000000000000000000000C /* ZoomdleApp.swift */,
				A10000000000000000000007 /* Models */,
				A10000000000000000000008 /* Views */,
				A10000000000000000000009 /* ViewModels */,
				A1000000000000000000000A /* Services */,
				A10000000000000000000026 /* Resources */,
				A1000000000000000000000B /* Assets.xcassets */,
				A10000000000000000000066 /* Info.plist */,
				A10000000000000000000090 /* PrivacyInfo.xcprivacy */,
			);
			path = Zoomdle;
			sourceTree = "<group>";
		};
		A10000000000000000000007 /* Models */ = {
			isa = PBXGroup;
			children = (
				A10000000000000000000020 /* Puzzle.swift */,
				A10000000000000000000040 /* PuzzleProgress.swift */,
				A10000000000000000000054 /* ShareResult.swift */,
				A10000000000000000000080 /* GameStats.swift */,
				A10000000000000000000092 /* LegalLinks.swift */,
			);
			path = Models;
			sourceTree = "<group>";
		};
		A10000000000000000000008 /* Views */ = {
			isa = PBXGroup;
			children = (
				A1000000000000000000000D /* MainTabView.swift */,
				A1000000000000000000000E /* TodayView.swift */,
				A1000000000000000000000F /* ArchiveView.swift */,
				A10000000000000000000030 /* ZoomRevealView.swift */,
				A10000000000000000000048 /* GuessInputView.swift */,
				A10000000000000000000050 /* ResultsView.swift */,
				A10000000000000000000058 /* PuzzlePlayView.swift */,
				A10000000000000000000060 /* PaywallView.swift */,
				A10000000000000000000070 /* AppStateViews.swift */,
				A10000000000000000000084 /* SettingsView.swift */,
			);
			path = Views;
			sourceTree = "<group>";
		};
		A10000000000000000000009 /* ViewModels */ = {
			isa = PBXGroup;
			children = (
				A10000000000000000000046 /* TodayViewModel.swift */,
				A10000000000000000000064 /* ArchiveViewModel.swift */,
				A10000000000000000000086 /* SettingsViewModel.swift */,
			);
			path = ViewModels;
			sourceTree = "<group>";
		};
		A1000000000000000000000A /* Services */ = {
			isa = PBXGroup;
			children = (
				A10000000000000000000022 /* PuzzleService.swift */,
				A10000000000000000000042 /* PuzzleProgressStore.swift */,
				A10000000000000000000044 /* WordListService.swift */,
				A10000000000000000000056 /* StreakStore.swift */,
				A10000000000000000000062 /* SubscriptionStore.swift */,
				A10000000000000000000082 /* GameStatsStore.swift */,
			);
			path = Services;
			sourceTree = "<group>";
		};
		A10000000000000000000026 /* Resources */ = {
			isa = PBXGroup;
			children = (
				A10000000000000000000024 /* puzzles.json */,
				A10000000000000000000052 /* words.json */,
			);
			path = Resources;
			sourceTree = "<group>";
		};
		A10000000000000000000101 /* ZoomdleTests */ = {
			isa = PBXGroup;
			children = (
				A10000000000000000000102 /* PuzzleAndShareTests.swift */,
			);
			path = ZoomdleTests;
			sourceTree = "<group>";
		};
/* End PBXGroup section */

/* Begin PBXNativeTarget section */
		A10000000000000000000002 /* Zoomdle */ = {
			isa = PBXNativeTarget;
			buildConfigurationList = A1000000000000000000001C /* Build configuration list for PBXNativeTarget "Zoomdle" */;
			buildPhases = (
				A10000000000000000000015 /* Sources */,
				A10000000000000000000017 /* Frameworks */,
				A10000000000000000000016 /* Resources */,
			);
			buildRules = (
			);
			dependencies = (
			);
			name = Zoomdle;
			productName = Zoomdle;
			productReference = A10000000000000000000003 /* Zoomdle.app */;
			productType = "com.apple.product-type.application";
		};
		A10000000000000000000104 /* ZoomdleTests */ = {
			isa = PBXNativeTarget;
			buildConfigurationList = A1000000000000000000010C /* Build configuration list for PBXNativeTarget "ZoomdleTests" */;
			buildPhases = (
				A10000000000000000000105 /* Sources */,
				A10000000000000000000106 /* Frameworks */,
				A10000000000000000000107 /* Resources */,
			);
			buildRules = (
			);
			dependencies = (
				A10000000000000000000108 /* PBXTargetDependency */,
			);
			name = ZoomdleTests;
			productName = ZoomdleTests;
			productReference = A10000000000000000000100 /* ZoomdleTests.xctest */;
			productType = "com.apple.product-type.bundle.unit-test";
		};
/* End PBXNativeTarget section */

/* Begin PBXProject section */
		A10000000000000000000001 /* Project object */ = {
			isa = PBXProject;
			attributes = {
				BuildIndependentTargetsInParallel = 1;
				LastSwiftUpdateCheck = 1500;
				LastUpgradeCheck = 1500;
				TargetAttributes = {
					A10000000000000000000002 = {
						CreatedOnToolsVersion = 15.0;
					};
					A10000000000000000000104 = {
						CreatedOnToolsVersion = 15.0;
						TestTargetID = A10000000000000000000002;
					};
				};
			};
			buildConfigurationList = A1000000000000000000001D /* Build configuration list for PBXProject "Zoomdle" */;
			compatibilityVersion = "Xcode 14.0";
			developmentRegion = en;
			hasScannedForEncodings = 0;
			knownRegions = (
				en,
				Base,
			);
			mainGroup = A10000000000000000000004;
			productRefGroup = A10000000000000000000005 /* Products */;
			projectDirPath = "";
			projectRoot = "";
			targets = (
				A10000000000000000000002 /* Zoomdle */,
				A10000000000000000000104 /* ZoomdleTests */,
			);
		};
/* End PBXProject section */

/* Begin PBXResourcesBuildPhase section */
		A10000000000000000000016 /* Resources */ = {
			isa = PBXResourcesBuildPhase;
			buildActionMask = 2147483647;
			files = (
				A10000000000000000000014 /* Assets.xcassets in Resources */,
				A10000000000000000000025 /* puzzles.json in Resources */,
				A10000000000000000000053 /* words.json in Resources */,
				A10000000000000000000091 /* PrivacyInfo.xcprivacy in Resources */,
			);
			runOnlyForDeploymentPostprocessing = 0;
		};
		A10000000000000000000107 /* Resources */ = {
			isa = PBXResourcesBuildPhase;
			buildActionMask = 2147483647;
			files = (
			);
			runOnlyForDeploymentPostprocessing = 0;
		};
/* End PBXResourcesBuildPhase section */

/* Begin PBXSourcesBuildPhase section */
		A10000000000000000000015 /* Sources */ = {
			isa = PBXSourcesBuildPhase;
			buildActionMask = 2147483647;
			files = (
				A10000000000000000000010 /* ZoomdleApp.swift in Sources */,
				A10000000000000000000011 /* MainTabView.swift in Sources */,
				A10000000000000000000012 /* TodayView.swift in Sources */,
				A10000000000000000000013 /* ArchiveView.swift in Sources */,
				A10000000000000000000021 /* Puzzle.swift in Sources */,
				A10000000000000000000023 /* PuzzleService.swift in Sources */,
				A10000000000000000000031 /* ZoomRevealView.swift in Sources */,
				A10000000000000000000041 /* PuzzleProgress.swift in Sources */,
				A10000000000000000000043 /* PuzzleProgressStore.swift in Sources */,
				A10000000000000000000045 /* WordListService.swift in Sources */,
				A10000000000000000000047 /* TodayViewModel.swift in Sources */,
				A10000000000000000000049 /* GuessInputView.swift in Sources */,
				A10000000000000000000051 /* ResultsView.swift in Sources */,
				A10000000000000000000055 /* ShareResult.swift in Sources */,
				A10000000000000000000057 /* StreakStore.swift in Sources */,
				A10000000000000000000059 /* PuzzlePlayView.swift in Sources */,
				A10000000000000000000061 /* PaywallView.swift in Sources */,
				A10000000000000000000063 /* SubscriptionStore.swift in Sources */,
				A10000000000000000000065 /* ArchiveViewModel.swift in Sources */,
				A10000000000000000000071 /* AppStateViews.swift in Sources */,
				A10000000000000000000081 /* GameStats.swift in Sources */,
				A10000000000000000000083 /* GameStatsStore.swift in Sources */,
				A10000000000000000000085 /* SettingsView.swift in Sources */,
				A10000000000000000000087 /* SettingsViewModel.swift in Sources */,
				A10000000000000000000093 /* LegalLinks.swift in Sources */,
			);
			runOnlyForDeploymentPostprocessing = 0;
		};
		A10000000000000000000105 /* Sources */ = {
			isa = PBXSourcesBuildPhase;
			buildActionMask = 2147483647;
			files = (
				A10000000000000000000103 /* PuzzleAndShareTests.swift in Sources */,
			);
			runOnlyForDeploymentPostprocessing = 0;
		};
/* End PBXSourcesBuildPhase section */

/* Begin PBXTargetDependency section */
		A10000000000000000000108 /* PBXTargetDependency */ = {
			isa = PBXTargetDependency;
			target = A10000000000000000000002 /* Zoomdle */;
			targetProxy = A10000000000000000000109 /* PBXContainerItemProxy */;
		};
/* End PBXTargetDependency section */

/* Begin PBXContainerItemProxy section */
		A10000000000000000000109 /* PBXContainerItemProxy */ = {
			isa = PBXContainerItemProxy;
			containerPortal = A10000000000000000000001 /* Project object */;
			proxyType = 1;
			remoteGlobalIDString = A10000000000000000000002;
			remoteInfo = Zoomdle;
		};
/* End PBXContainerItemProxy section */

/* Begin XCBuildConfiguration section */
		A10000000000000000000018 /* Debug */ = {
			isa = XCBuildConfiguration;
			buildSettings = {
				ALWAYS_SEARCH_USER_PATHS = NO;
				ASSETCATALOG_COMPILER_GENERATE_SWIFT_ASSET_SYMBOL_EXTENSIONS = YES;
				CLANG_ANALYZER_NONNULL = YES;
				CLANG_ANALYZER_NUMBER_OBJECT_CONVERSION = YES_AGGRESSIVE;
				CLANG_CXX_LANGUAGE_STANDARD = "gnu++20";
				CLANG_ENABLE_MODULES = YES;
				CLANG_ENABLE_OBJC_ARC = YES;
				CLANG_ENABLE_OBJC_WEAK = YES;
				CLANG_WARN_BLOCK_CAPTURE_AUTORELEASING = YES;
				CLANG_WARN_BOOL_CONVERSION = YES;
				CLANG_WARN_COMMA = YES;
				CLANG_WARN_CONSTANT_CONVERSION = YES;
				CLANG_WARN_DEPRECATED_OBJC_IMPLEMENTATIONS = YES;
				CLANG_WARN_DIRECT_OBJC_ISA_USAGE = YES_ERROR;
				CLANG_WARN_DOCUMENTATION_COMMENTS = YES;
				CLANG_WARN_EMPTY_BODY = YES;
				CLANG_WARN_ENUM_CONVERSION = YES;
				CLANG_WARN_INFINITE_RECURSION = YES;
				CLANG_WARN_INT_CONVERSION = YES;
				CLANG_WARN_NON_LITERAL_NULL_CONVERSION = YES;
				CLANG_WARN_OBJC_IMPLICIT_RETAIN_SELF = YES;
				CLANG_WARN_OBJC_LITERAL_CONVERSION = YES;
				CLANG_WARN_OBJC_ROOT_CLASS = YES_ERROR;
				CLANG_WARN_QUOTED_INCLUDE_IN_FRAMEWORK_HEADER = YES;
				CLANG_WARN_RANGE_LOOP_ANALYSIS = YES;
				CLANG_WARN_STRICT_PROTOTYPES = YES;
				CLANG_WARN_SUSPICIOUS_MOVE = YES;
				CLANG_WARN_UNGUARDED_AVAILABILITY = YES_AGGRESSIVE;
				CLANG_WARN_UNREACHABLE_CODE = YES;
				CLANG_WARN__DUPLICATE_METHOD_MATCH = YES;
				COPY_PHASE_STRIP = NO;
				DEBUG_INFORMATION_FORMAT = dwarf;
				ENABLE_STRICT_OBJC_MSGSEND = YES;
				ENABLE_TESTABILITY = YES;
				ENABLE_USER_SCRIPT_SANDBOXING = YES;
				GCC_C_LANGUAGE_STANDARD = gnu17;
				GCC_DYNAMIC_NO_PIC = NO;
				GCC_NO_COMMON_BLOCKS = YES;
				GCC_OPTIMIZATION_LEVEL = 0;
				GCC_PREPROCESSOR_DEFINITIONS = (
					"DEBUG=1",
					"$(inherited)",
				);
				GCC_WARN_64_TO_32_BIT_CONVERSION = YES;
				GCC_WARN_ABOUT_RETURN_TYPE = YES_ERROR;
				GCC_WARN_UNDECLARED_SELECTOR = YES;
				GCC_WARN_UNINITIALIZED_AUTOS = YES_AGGRESSIVE;
				GCC_WARN_UNUSED_FUNCTION = YES;
				GCC_WARN_UNUSED_VARIABLE = YES;
				IPHONEOS_DEPLOYMENT_TARGET = 17.0;
				LOCALIZATION_PREFERS_STRING_CATALOGS = YES;
				MTL_ENABLE_DEBUG_INFO = INCLUDE_SOURCE;
				MTL_FAST_MATH = YES;
				ONLY_ACTIVE_ARCH = YES;
				SDKROOT = iphoneos;
				SWIFT_ACTIVE_COMPILATION_CONDITIONS = "DEBUG STOREKIT_IAP $(inherited)";
				SWIFT_OPTIMIZATION_LEVEL = "-Onone";
			};
			name = Debug;
		};
		A10000000000000000000019 /* Release */ = {
			isa = XCBuildConfiguration;
			buildSettings = {
				ALWAYS_SEARCH_USER_PATHS = NO;
				ASSETCATALOG_COMPILER_GENERATE_SWIFT_ASSET_SYMBOL_EXTENSIONS = YES;
				CLANG_ANALYZER_NONNULL = YES;
				CLANG_ANALYZER_NUMBER_OBJECT_CONVERSION = YES_AGGRESSIVE;
				CLANG_CXX_LANGUAGE_STANDARD = "gnu++20";
				CLANG_ENABLE_MODULES = YES;
				CLANG_ENABLE_OBJC_ARC = YES;
				CLANG_ENABLE_OBJC_WEAK = YES;
				CLANG_WARN_BLOCK_CAPTURE_AUTORELEASING = YES;
				CLANG_WARN_BOOL_CONVERSION = YES;
				CLANG_WARN_COMMA = YES;
				CLANG_WARN_CONSTANT_CONVERSION = YES;
				CLANG_WARN_DEPRECATED_OBJC_IMPLEMENTATIONS = YES;
				CLANG_WARN_DIRECT_OBJC_ISA_USAGE = YES_ERROR;
				CLANG_WARN_DOCUMENTATION_COMMENTS = YES;
				CLANG_WARN_EMPTY_BODY = YES;
				CLANG_WARN_ENUM_CONVERSION = YES;
				CLANG_WARN_INFINITE_RECURSION = YES;
				CLANG_WARN_INT_CONVERSION = YES;
				CLANG_WARN_NON_LITERAL_NULL_CONVERSION = YES;
				CLANG_WARN_OBJC_IMPLICIT_RETAIN_SELF = YES;
				CLANG_WARN_OBJC_LITERAL_CONVERSION = YES;
				CLANG_WARN_OBJC_ROOT_CLASS = YES_ERROR;
				CLANG_WARN_QUOTED_INCLUDE_IN_FRAMEWORK_HEADER = YES;
				CLANG_WARN_RANGE_LOOP_ANALYSIS = YES;
				CLANG_WARN_STRICT_PROTOTYPES = YES;
				CLANG_WARN_SUSPICIOUS_MOVE = YES;
				CLANG_WARN_UNGUARDED_AVAILABILITY = YES_AGGRESSIVE;
				CLANG_WARN_UNREACHABLE_CODE = YES;
				CLANG_WARN__DUPLICATE_METHOD_MATCH = YES;
				COPY_PHASE_STRIP = NO;
				DEBUG_INFORMATION_FORMAT = "dwarf-with-dsym";
				ENABLE_NS_ASSERTIONS = NO;
				ENABLE_STRICT_OBJC_MSGSEND = YES;
				ENABLE_USER_SCRIPT_SANDBOXING = YES;
				GCC_C_LANGUAGE_STANDARD = gnu17;
				GCC_NO_COMMON_BLOCKS = YES;
				GCC_WARN_64_TO_32_BIT_CONVERSION = YES;
				GCC_WARN_ABOUT_RETURN_TYPE = YES_ERROR;
				GCC_WARN_UNDECLARED_SELECTOR = YES;
				GCC_WARN_UNINITIALIZED_AUTOS = YES_AGGRESSIVE;
				GCC_WARN_UNUSED_FUNCTION = YES;
				GCC_WARN_UNUSED_VARIABLE = YES;
				IPHONEOS_DEPLOYMENT_TARGET = 17.0;
				LOCALIZATION_PREFERS_STRING_CATALOGS = YES;
				MTL_ENABLE_DEBUG_INFO = NO;
				MTL_FAST_MATH = YES;
				SDKROOT = iphoneos;
				SWIFT_ACTIVE_COMPILATION_CONDITIONS = "STOREKIT_IAP $(inherited)";
				SWIFT_COMPILATION_MODE = wholemodule;
				VALIDATE_PRODUCT = YES;
			};
			name = Release;
		};
		A1000000000000000000001A /* Debug */ = {
			isa = XCBuildConfiguration;
			buildSettings = {
				ASSETCATALOG_COMPILER_APPICON_NAME = AppIcon;
				ASSETCATALOG_COMPILER_GLOBAL_ACCENT_COLOR_NAME = AccentColor;
				CODE_SIGN_STYLE = Automatic;
				CURRENT_PROJECT_VERSION = 1;
				DEVELOPMENT_ASSET_PATHS = "";
				ENABLE_PREVIEWS = YES;
				GENERATE_INFOPLIST_FILE = YES;
				INFOPLIST_FILE = Zoomdle/Info.plist;
				INFOPLIST_KEY_CFBundleDisplayName = Zoomdle;
				INFOPLIST_KEY_ITSAppUsesNonExemptEncryption = NO;
				INFOPLIST_KEY_LSApplicationCategoryType = "public.app-category.games";
				INFOPLIST_KEY_UIApplicationSceneManifest_Generation = YES;
				INFOPLIST_KEY_UIApplicationSupportsIndirectInputEvents = YES;
				INFOPLIST_KEY_UISupportedInterfaceOrientations_iPad = "UIInterfaceOrientationPortrait UIInterfaceOrientationPortraitUpsideDown UIInterfaceOrientationLandscapeLeft UIInterfaceOrientationLandscapeRight";
				INFOPLIST_KEY_UISupportedInterfaceOrientations_iPhone = "UIInterfaceOrientationPortrait UIInterfaceOrientationLandscapeLeft UIInterfaceOrientationLandscapeRight";
				LD_RUNPATH_SEARCH_PATHS = (
					"$(inherited)",
					"@executable_path/Frameworks",
				);
				MARKETING_VERSION = 1.0;
				PRODUCT_BUNDLE_IDENTIFIER = com.zoomdle.Zoomdle;
				PRODUCT_NAME = Zoomdle;
				SUPPORTED_PLATFORMS = "iphoneos iphonesimulator";
				SUPPORTS_MACCATALYST = NO;
				SWIFT_EMIT_LOC_STRINGS = YES;
				SWIFT_STRICT_CONCURRENCY = complete;
				SWIFT_VERSION = 5.0;
				TARGETED_DEVICE_FAMILY = "1,2";
			};
			name = Debug;
		};
		A1000000000000000000001B /* Release */ = {
			isa = XCBuildConfiguration;
			buildSettings = {
				ASSETCATALOG_COMPILER_APPICON_NAME = AppIcon;
				ASSETCATALOG_COMPILER_GLOBAL_ACCENT_COLOR_NAME = AccentColor;
				CODE_SIGN_STYLE = Automatic;
				CURRENT_PROJECT_VERSION = 1;
				DEVELOPMENT_ASSET_PATHS = "";
				ENABLE_PREVIEWS = YES;
				GENERATE_INFOPLIST_FILE = YES;
				INFOPLIST_FILE = Zoomdle/Info.plist;
				INFOPLIST_KEY_CFBundleDisplayName = Zoomdle;
				INFOPLIST_KEY_ITSAppUsesNonExemptEncryption = NO;
				INFOPLIST_KEY_LSApplicationCategoryType = "public.app-category.games";
				INFOPLIST_KEY_UIApplicationSceneManifest_Generation = YES;
				INFOPLIST_KEY_UIApplicationSupportsIndirectInputEvents = YES;
				INFOPLIST_KEY_UISupportedInterfaceOrientations_iPad = "UIInterfaceOrientationPortrait UIInterfaceOrientationPortraitUpsideDown UIInterfaceOrientationLandscapeLeft UIInterfaceOrientationLandscapeRight";
				INFOPLIST_KEY_UISupportedInterfaceOrientations_iPhone = "UIInterfaceOrientationPortrait UIInterfaceOrientationLandscapeLeft UIInterfaceOrientationLandscapeRight";
				LD_RUNPATH_SEARCH_PATHS = (
					"$(inherited)",
					"@executable_path/Frameworks",
				);
				MARKETING_VERSION = 1.0;
				PRODUCT_BUNDLE_IDENTIFIER = com.zoomdle.Zoomdle;
				PRODUCT_NAME = Zoomdle;
				SUPPORTED_PLATFORMS = "iphoneos iphonesimulator";
				SUPPORTS_MACCATALYST = NO;
				SWIFT_EMIT_LOC_STRINGS = YES;
				SWIFT_STRICT_CONCURRENCY = complete;
				SWIFT_VERSION = 5.0;
				TARGETED_DEVICE_FAMILY = "1,2";
			};
			name = Release;
		};
		A1000000000000000000010A /* Debug */ = {
			isa = XCBuildConfiguration;
			buildSettings = {
				BUNDLE_LOADER = "$(TEST_HOST)";
				CODE_SIGN_STYLE = Automatic;
				CURRENT_PROJECT_VERSION = 1;
				GENERATE_INFOPLIST_FILE = YES;
				IPHONEOS_DEPLOYMENT_TARGET = 17.0;
				MARKETING_VERSION = 1.0;
				PRODUCT_BUNDLE_IDENTIFIER = com.zoomdle.ZoomdleTests;
				PRODUCT_NAME = "$(TARGET_NAME)";
				SUPPORTED_PLATFORMS = "iphoneos iphonesimulator";
				SUPPORTS_MACCATALYST = NO;
				SWIFT_EMIT_LOC_STRINGS = NO;
				SWIFT_VERSION = 5.0;
				TARGETED_DEVICE_FAMILY = "1,2";
				TEST_HOST = "$(BUILT_PRODUCTS_DIR)/Zoomdle.app/$(BUNDLE_EXECUTABLE_FOLDER_PATH)/Zoomdle";
			};
			name = Debug;
		};
		A1000000000000000000010B /* Release */ = {
			isa = XCBuildConfiguration;
			buildSettings = {
				BUNDLE_LOADER = "$(TEST_HOST)";
				CODE_SIGN_STYLE = Automatic;
				CURRENT_PROJECT_VERSION = 1;
				GENERATE_INFOPLIST_FILE = YES;
				IPHONEOS_DEPLOYMENT_TARGET = 17.0;
				MARKETING_VERSION = 1.0;
				PRODUCT_BUNDLE_IDENTIFIER = com.zoomdle.ZoomdleTests;
				PRODUCT_NAME = "$(TARGET_NAME)";
				SUPPORTED_PLATFORMS = "iphoneos iphonesimulator";
				SUPPORTS_MACCATALYST = NO;
				SWIFT_EMIT_LOC_STRINGS = NO;
				SWIFT_VERSION = 5.0;
				TARGETED_DEVICE_FAMILY = "1,2";
				TEST_HOST = "$(BUILT_PRODUCTS_DIR)/Zoomdle.app/$(BUNDLE_EXECUTABLE_FOLDER_PATH)/Zoomdle";
			};
			name = Release;
		};
/* End XCBuildConfiguration section */

/* Begin XCConfigurationList section */
		A1000000000000000000001C /* Build configuration list for PBXNativeTarget "Zoomdle" */ = {
			isa = XCConfigurationList;
			buildConfigurations = (
				A1000000000000000000001A /* Debug */,
				A1000000000000000000001B /* Release */,
			);
			defaultConfigurationIsVisible = 0;
			defaultConfigurationName = Release;
		};
		A1000000000000000000001D /* Build configuration list for PBXProject "Zoomdle" */ = {
			isa = XCConfigurationList;
			buildConfigurations = (
				A10000000000000000000018 /* Debug */,
				A10000000000000000000019 /* Release */,
			);
			defaultConfigurationIsVisible = 0;
			defaultConfigurationName = Release;
		};
		A1000000000000000000010C /* Build configuration list for PBXNativeTarget "ZoomdleTests" */ = {
			isa = XCConfigurationList;
			buildConfigurations = (
				A1000000000000000000010A /* Debug */,
				A1000000000000000000010B /* Release */,
			);
			defaultConfigurationIsVisible = 0;
			defaultConfigurationName = Release;
		};
/* End XCConfigurationList section */
	};
	rootObject = A10000000000000000000001 /* Project object */;
}
